
Microsoft Visual Studio Solution File, Format Version 11.00
# Visual Studio 2010
Project("{FAE04EC0-301F-11D3-BF4B-00C04F79EFBC}") = "IACLCSC_TestProject", "IACLCSC_TestProject\IACLCSC_TestProject.csproj", "{B9006589-2AD5-433A-9006-19F38E5517FA}"
EndProject
Global
	GlobalSection(SolutionConfigurationPlatforms) = preSolution
		Debug|x86 = Debug|x86
		Release|x86 = Release|x86
	EndGlobalSection
	GlobalSection(ProjectConfigurationPlatforms) = postSolution
		{B9006589-2AD5-433A-9006-19F38E5517FA}.Debug|x86.ActiveCfg = Debug|x86
		{B9006589-2AD5-433A-9006-19F38E5517FA}.Debug|x86.Build.0 = Debug|x86
		{B9006589-2AD5-433A-9006-19F38E5517FA}.Release|x86.ActiveCfg = Release|x86
		{B9006589-2AD5-433A-9006-19F38E5517FA}.Release|x86.Build.0 = Release|x86
	EndGlobalSection
	GlobalSection(SolutionProperties) = preSolution
		HideSolutionNode = FALSE
	EndGlobalSection
EndGlobal
